
Microsoft Visual Studio Solution File, Format Version 12.00
# Visual Studio 2017
Project("{FAE04EC0-301F-11D3-BF4B-00C04F79EFBC}") = "Info JUMP 'N' RUN", "Info JUMP 'N' RUN.csproj", "{F74A5AC4-2F13-3BF7-1EC6-84D4BB813973}"
EndProject
Global
	GlobalSection(SolutionConfigurationPlatforms) = preSolution
		Debug|Any CPU = Debug|Any CPU
		Release|Any CPU = Release|Any CPU
	EndGlobalSection
	GlobalSection(ProjectConfigurationPlatforms) = postSolution
		{F74A5AC4-2F13-3BF7-1EC6-84D4BB813973}.Debug|Any CPU.ActiveCfg = Debug|Any CPU
		{F74A5AC4-2F13-3BF7-1EC6-84D4BB813973}.Debug|Any CPU.Build.0 = Debug|Any CPU
		{F74A5AC4-2F13-3BF7-1EC6-84D4BB813973}.Release|Any CPU.ActiveCfg = Release|Any CPU
		{F74A5AC4-2F13-3BF7-1EC6-84D4BB813973}.Release|Any CPU.Build.0 = Release|Any CPU
	EndGlobalSection
	GlobalSection(SolutionProperties) = preSolution
		HideSolutionNode = FALSE
	EndGlobalSection
EndGlobal
