
Microsoft Visual Studio Solution File, Format Version 12.00
# Visual Studio 2017
Project("{FAE04EC0-301F-11D3-BF4B-00C04F79EFBC}") = "Schasch-saas-niei-master", "Schasch-saas-niei-master.csproj", "{F5EB5B9C-55D6-2DC4-E4D8-236C9163B7D5}"
EndProject
Global
	GlobalSection(SolutionConfigurationPlatforms) = preSolution
		Debug|Any CPU = Debug|Any CPU
		Release|Any CPU = Release|Any CPU
	EndGlobalSection
	GlobalSection(ProjectConfigurationPlatforms) = postSolution
		{F5EB5B9C-55D6-2DC4-E4D8-236C9163B7D5}.Debug|Any CPU.ActiveCfg = Debug|Any CPU
		{F5EB5B9C-55D6-2DC4-E4D8-236C9163B7D5}.Debug|Any CPU.Build.0 = Debug|Any CPU
		{F5EB5B9C-55D6-2DC4-E4D8-236C9163B7D5}.Release|Any CPU.ActiveCfg = Release|Any CPU
		{F5EB5B9C-55D6-2DC4-E4D8-236C9163B7D5}.Release|Any CPU.Build.0 = Release|Any CPU
	EndGlobalSection
	GlobalSection(SolutionProperties) = preSolution
		HideSolutionNode = FALSE
	EndGlobalSection
EndGlobal
